
Microsoft Visual Studio Solution File, Format Version 12.00
# Visual Studio 15
VisualStudioVersion = 15.0.28307.421
MinimumVisualStudioVersion = 10.0.40219.1
Project("{FAE04EC0-301F-11D3-BF4B-00C04F79EFBC}") = "First", "First\First.csproj", "{23DFEE6C-6194-4560-94C3-5ABD8A7CA76D}"
EndProject
Project("{FAE04EC0-301F-11D3-BF4B-00C04F79EFBC}") = "MVVMMinimal", "MVVMMinimal\MVVMMinimal.csproj", "{CBAE54BD-FD56-4FAF-9768-86BFE0F7C2C7}"
EndProject
Project("{FAE04EC0-301F-11D3-BF4B-00C04F79EFBC}") = "Images", "Image\Images.csproj", "{434271E6-95E4-4C27-8856-2402A41259A9}"
EndProject
Project("{FAE04EC0-301F-11D3-BF4B-00C04F79EFBC}") = "MVVMPro", "MVVM.Model\MVVMPro.csproj", "{5F062352-F8DB-4A0E-8AEB-964C223F26B8}"
EndProject
Project("{FAE04EC0-301F-11D3-BF4B-00C04F79EFBC}") = "MVVMStudent", "MVVMStudent\MVVMStudent.csproj", "{6B4D6581-CA33-475C-B840-1240803727BA}"
EndProject
Project("{FAE04EC0-301F-11D3-BF4B-00C04F79EFBC}") = "MVVMConvert", "MVVMConvert\MVVMConvert.csproj", "{446A8142-B29A-477F-934D-F775CDF661FE}"
EndProject
Project("{FAE04EC0-301F-11D3-BF4B-00C04F79EFBC}") = "MVVMContacts", "MVVMContacts\MVVMContacts.csproj", "{F580A645-4D11-41F3-BBE8-6A54647A5078}"
EndProject
Project("{FAE04EC0-301F-11D3-BF4B-00C04F79EFBC}") = "MVVMNames", "MVVMNames\MVVMNames.csproj", "{472B83CE-928B-48F0-9824-A10773661FF3}"
EndProject
Global
	GlobalSection(SolutionConfigurationPlatforms) = preSolution
		Debug|Any CPU = Debug|Any CPU
		Release|Any CPU = Release|Any CPU
	EndGlobalSection
	GlobalSection(ProjectConfigurationPlatforms) = postSolution
		{23DFEE6C-6194-4560-94C3-5ABD8A7CA76D}.Debug|Any CPU.ActiveCfg = Debug|Any CPU
		{23DFEE6C-6194-4560-94C3-5ABD8A7CA76D}.Debug|Any CPU.Build.0 = Debug|Any CPU
		{23DFEE6C-6194-4560-94C3-5ABD8A7CA76D}.Release|Any CPU.ActiveCfg = Release|Any CPU
		{23DFEE6C-6194-4560-94C3-5ABD8A7CA76D}.Release|Any CPU.Build.0 = Release|Any CPU
		{CBAE54BD-FD56-4FAF-9768-86BFE0F7C2C7}.Debug|Any CPU.ActiveCfg = Debug|Any CPU
		{CBAE54BD-FD56-4FAF-9768-86BFE0F7C2C7}.Debug|Any CPU.Build.0 = Debug|Any CPU
		{CBAE54BD-FD56-4FAF-9768-86BFE0F7C2C7}.Release|Any CPU.ActiveCfg = Release|Any CPU
		{CBAE54BD-FD56-4FAF-9768-86BFE0F7C2C7}.Release|Any CPU.Build.0 = Release|Any CPU
		{434271E6-95E4-4C27-8856-2402A41259A9}.Debug|Any CPU.ActiveCfg = Debug|Any CPU
		{434271E6-95E4-4C27-8856-2402A41259A9}.Debug|Any CPU.Build.0 = Debug|Any CPU
		{434271E6-95E4-4C27-8856-2402A41259A9}.Release|Any CPU.ActiveCfg = Release|Any CPU
		{434271E6-95E4-4C27-8856-2402A41259A9}.Release|Any CPU.Build.0 = Release|Any CPU
		{5F062352-F8DB-4A0E-8AEB-964C223F26B8}.Debug|Any CPU.ActiveCfg = Debug|Any CPU
		{5F062352-F8DB-4A0E-8AEB-964C223F26B8}.Debug|Any CPU.Build.0 = Debug|Any CPU
		{5F062352-F8DB-4A0E-8AEB-964C223F26B8}.Release|Any CPU.ActiveCfg = Release|Any CPU
		{5F062352-F8DB-4A0E-8AEB-964C223F26B8}.Release|Any CPU.Build.0 = Release|Any CPU
		{6B4D6581-CA33-475C-B840-1240803727BA}.Debug|Any CPU.ActiveCfg = Debug|Any CPU
		{6B4D6581-CA33-475C-B840-1240803727BA}.Debug|Any CPU.Build.0 = Debug|Any CPU
		{6B4D6581-CA33-475C-B840-1240803727BA}.Release|Any CPU.ActiveCfg = Release|Any CPU
		{6B4D6581-CA33-475C-B840-1240803727BA}.Release|Any CPU.Build.0 = Release|Any CPU
		{446A8142-B29A-477F-934D-F775CDF661FE}.Debug|Any CPU.ActiveCfg = Debug|Any CPU
		{446A8142-B29A-477F-934D-F775CDF661FE}.Debug|Any CPU.Build.0 = Debug|Any CPU
		{446A8142-B29A-477F-934D-F775CDF661FE}.Release|Any CPU.ActiveCfg = Release|Any CPU
		{446A8142-B29A-477F-934D-F775CDF661FE}.Release|Any CPU.Build.0 = Release|Any CPU
		{F580A645-4D11-41F3-BBE8-6A54647A5078}.Debug|Any CPU.ActiveCfg = Debug|Any CPU
		{F580A645-4D11-41F3-BBE8-6A54647A5078}.Debug|Any CPU.Build.0 = Debug|Any CPU
		{F580A645-4D11-41F3-BBE8-6A54647A5078}.Release|Any CPU.ActiveCfg = Release|Any CPU
		{F580A645-4D11-41F3-BBE8-6A54647A5078}.Release|Any CPU.Build.0 = Release|Any CPU
		{472B83CE-928B-48F0-9824-A10773661FF3}.Debug|Any CPU.ActiveCfg = Debug|Any CPU
		{472B83CE-928B-48F0-9824-A10773661FF3}.Debug|Any CPU.Build.0 = Debug|Any CPU
		{472B83CE-928B-48F0-9824-A10773661FF3}.Release|Any CPU.ActiveCfg = Release|Any CPU
		{472B83CE-928B-48F0-9824-A10773661FF3}.Release|Any CPU.Build.0 = Release|Any CPU
	EndGlobalSection
	GlobalSection(SolutionProperties) = preSolution
		HideSolutionNode = FALSE
	EndGlobalSection
	GlobalSection(ExtensibilityGlobals) = postSolution
		SolutionGuid = {8D9010FB-27E1-4268-A33F-6B99E64BA736}
	EndGlobalSection
EndGlobal
